
Microsoft Visual Studio Solution File, Format Version 12.00
# Visual Studio Version 17
VisualStudioVersion = 17.14.36518.9
MinimumVisualStudioVersion = 10.0.40219.1
Project("{2150E333-8FDC-42A3-9474-1A3956D46DE8}") = "Task0", "Task0", "{02EA681E-C7D8-13C7-8484-4AC65E1B71E8}"
EndProject
Project("{FAE04EC0-301F-11D3-BF4B-00C04F79EFBC}") = "Tyuiu.Ahmadi2.Sprint5.Task0.V22", "Tyuiu.Ahmadi2.Sprint5.Task0.V22\Tyuiu.Ahmadi2.Sprint5.Task0.V22.csproj", "{0E319430-E9BA-4BC0-8F38-605CDA958061}"
EndProject
Project("{FAE04EC0-301F-11D3-BF4B-00C04F79EFBC}") = "Tyuiu.Ahmadi2.Sprint5.Task0.V22.Lib", "Tyuiu.Ahmadi2.Sprint5.Task0.V22.Lib\Tyuiu.Ahmadi2.Sprint5.Task0.V22.Lib.csproj", "{83743F7D-92F7-4EA3-9133-A8CD91CB5297}"
EndProject
Project("{FAE04EC0-301F-11D3-BF4B-00C04F79EFBC}") = "Tyuiu.Ahmadi2.Sprint5.Task0.V22.Test", "Tyuiu.Ahmadi2.Sprint5.Task0.V22.Test\Tyuiu.Ahmadi2.Sprint5.Task0.V22.Test.csproj", "{F252670F-84BB-487C-A392-1C67F1977178}"
EndProject
Project("{2150E333-8FDC-42A3-9474-1A3956D46DE8}") = "Task1", "Task1", "{538D920F-0C77-4BE3-BC72-0F1DD6EB1978}"
EndProject
Project("{2150E333-8FDC-42A3-9474-1A3956D46DE8}") = "Task2", "Task2", "{1EA37CBC-D854-4200-A089-31CEE6233CF1}"
EndProject
Project("{FAE04EC0-301F-11D3-BF4B-00C04F79EFBC}") = "Tyuiu.Ahmadi2.Sprint5.Task2.V19", "Tyuiu.Ahmadi2.Sprint5.Task2.V19\Tyuiu.Ahmadi2.Sprint5.Task2.V19.csproj", "{020DE782-57E7-4A4F-B59E-AA009B69AC04}"
EndProject
Project("{FAE04EC0-301F-11D3-BF4B-00C04F79EFBC}") = "Tyuiu.Ahmadi2.Sprint5.Task2.V19.Lib", "Tyuiu.Ahmadi2.Sprint5.Task2.V19.Lib\Tyuiu.Ahmadi2.Sprint5.Task2.V19.Lib.csproj", "{2F27F2A8-BCFD-42CE-9A15-99BBBCA1D507}"
EndProject
Project("{FAE04EC0-301F-11D3-BF4B-00C04F79EFBC}") = "Tyuiu.Ahmadi2.Sprint5.Task2.V19.Test", "Tyuiu.Ahmadi2.Sprint5.Task2.V19.Test\Tyuiu.Ahmadi2.Sprint5.Task2.V19.Test.csproj", "{EAFAC235-3D62-4DBE-A180-0E2D7B256DB3}"
EndProject
Project("{2150E333-8FDC-42A3-9474-1A3956D46DE8}") = "Task3", "Task3", "{E7755DD7-BE29-415B-A76B-4767173CDA96}"
EndProject
Project("{FAE04EC0-301F-11D3-BF4B-00C04F79EFBC}") = "Tyuiu.Ahmadi2.Sprint5.Task3.V1", "Tyuiu.Ahmadi2.Sprint5.Task3.V1\Tyuiu.Ahmadi2.Sprint5.Task3.V1.csproj", "{385927B8-6ACD-454F-A81F-72446C205D4F}"
EndProject
Project("{FAE04EC0-301F-11D3-BF4B-00C04F79EFBC}") = "Tyuiu.Ahmadi2.Sprint5.Task3.V1.Lib", "Tyuiu.Ahmadi2.Sprint5.Task3.V1.Lib\Tyuiu.Ahmadi2.Sprint5.Task3.V1.Lib.csproj", "{F6724354-69BE-49EE-A60D-53C304035027}"
EndProject
Project("{FAE04EC0-301F-11D3-BF4B-00C04F79EFBC}") = "Tyuiu.Ahmadi2.Sprint5.Task3.V1.Test", "Tyuiu.Ahmadi2.Sprint5.Task3.V1.Test\Tyuiu.Ahmadi2.Sprint5.Task3.V1.Test.csproj", "{54F347F3-A47C-401B-8412-A536144FDEFC}"
EndProject
Project("{2150E333-8FDC-42A3-9474-1A3956D46DE8}") = "Task4", "Task4", "{D2F592A6-DAE8-4967-B6C7-D5520BF5573A}"
EndProject
Project("{FAE04EC0-301F-11D3-BF4B-00C04F79EFBC}") = "Tyuiu.Ahmadi2.Sprint5.Task4.V25", "Tyuiu.Ahmadi2.Sprint5.Task4.V25\Tyuiu.Ahmadi2.Sprint5.Task4.V25.csproj", "{D3D95973-EEB7-46B6-887C-33FB9E569088}"
EndProject
Project("{FAE04EC0-301F-11D3-BF4B-00C04F79EFBC}") = "Tyuiu.Ahmadi2.Sprint5.Task4.V25.Lib", "Tyuiu.Ahmadi2.Sprint5.Task4.V25.Lib\Tyuiu.Ahmadi2.Sprint5.Task4.V25.Lib.csproj", "{61075C70-E3DA-419F-A6B2-51816F41C56D}"
EndProject
Project("{FAE04EC0-301F-11D3-BF4B-00C04F79EFBC}") = "Tyuiu.Ahmadi2.Sprint5.Task4.V25.Test", "Tyuiu.Ahmadi2.Sprint5.Task4.V25.Test\Tyuiu.Ahmadi2.Sprint5.Task4.V25.Test.csproj", "{24729C6A-B290-496E-8569-D777F5451B71}"
EndProject
Project("{2150E333-8FDC-42A3-9474-1A3956D46DE8}") = "Task5", "Task5", "{AAA4815E-BCBD-48B8-89E2-F7063A6220D1}"
EndProject
Project("{FAE04EC0-301F-11D3-BF4B-00C04F79EFBC}") = "Tyuiu.Ahmadi2.Sprint5.Task5.V3", "Tyuiu.Ahmadi2.Sprint5.Task5.V3\Tyuiu.Ahmadi2.Sprint5.Task5.V3.csproj", "{C156E37C-9B2F-4065-AC59-52E519A049E9}"
EndProject
Project("{FAE04EC0-301F-11D3-BF4B-00C04F79EFBC}") = "Tyuiu.Ahmadi2.Sprint5.Task5.V3.Lib", "Tyuiu.Ahmadi2.Sprint5.Task5.V3.Lib\Tyuiu.Ahmadi2.Sprint5.Task5.V3.Lib.csproj", "{561C7C27-2E10-4EA6-8B72-CB33C8631E70}"
EndProject
Project("{FAE04EC0-301F-11D3-BF4B-00C04F79EFBC}") = "Tyuiu.Ahmadi2.Sprint5.Task5.V3.Test", "Tyuiu.Ahmadi2.Sprint5.Task5.V3.Test\Tyuiu.Ahmadi2.Sprint5.Task5.V3.Test.csproj", "{66C4EEFC-EEFB-4FCE-B4E2-56C20062C492}"
EndProject
Project("{FAE04EC0-301F-11D3-BF4B-00C04F79EFBC}") = "Tyuiu.Ahmadi2.Sprint5.Task1.V7", "Tyuiu.Ahmadi2.Sprint5.Task1.V7\Tyuiu.Ahmadi2.Sprint5.Task1.V7.csproj", "{F7BD5D2A-0A28-401C-81B1-C668E728FD9E}"
EndProject
Project("{FAE04EC0-301F-11D3-BF4B-00C04F79EFBC}") = "Tyuiu.Ahmadi2.Sprint5.Task1.V7.Lib", "Tyuiu.Ahmadi2.Sprint5.Task1.V7.Lib\Tyuiu.Ahmadi2.Sprint5.Task1.V7.Lib.csproj", "{08A9D94D-6F0E-4834-948E-AA6D12F2FB17}"
EndProject
Project("{FAE04EC0-301F-11D3-BF4B-00C04F79EFBC}") = "Tyuiu.Ahmadi2.Sprint5.Task1.V7.Test", "Tyuiu.Ahmadi2.Sprint5.Task1.V7.Test\Tyuiu.Ahmadi2.Sprint5.Task1.V7.Test.csproj", "{AA6BFA53-483E-426A-94C2-FDE142CEC391}"
EndProject
Global
	GlobalSection(SolutionConfigurationPlatforms) = preSolution
		Debug|Any CPU = Debug|Any CPU
		Release|Any CPU = Release|Any CPU
	EndGlobalSection
	GlobalSection(ProjectConfigurationPlatforms) = postSolution
		{0E319430-E9BA-4BC0-8F38-605CDA958061}.Debug|Any CPU.ActiveCfg = Debug|Any CPU
		{0E319430-E9BA-4BC0-8F38-605CDA958061}.Debug|Any CPU.Build.0 = Debug|Any CPU
		{0E319430-E9BA-4BC0-8F38-605CDA958061}.Release|Any CPU.ActiveCfg = Release|Any CPU
		{0E319430-E9BA-4BC0-8F38-605CDA958061}.Release|Any CPU.Build.0 = Release|Any CPU
		{83743F7D-92F7-4EA3-9133-A8CD91CB5297}.Debug|Any CPU.ActiveCfg = Debug|Any CPU
		{83743F7D-92F7-4EA3-9133-A8CD91CB5297}.Debug|Any CPU.Build.0 = Debug|Any CPU
		{83743F7D-92F7-4EA3-9133-A8CD91CB5297}.Release|Any CPU.ActiveCfg = Release|Any CPU
		{83743F7D-92F7-4EA3-9133-A8CD91CB5297}.Release|Any CPU.Build.0 = Release|Any CPU
		{F252670F-84BB-487C-A392-1C67F1977178}.Debug|Any CPU.ActiveCfg = Debug|Any CPU
		{F252670F-84BB-487C-A392-1C67F1977178}.Debug|Any CPU.Build.0 = Debug|Any CPU
		{F252670F-84BB-487C-A392-1C67F1977178}.Release|Any CPU.ActiveCfg = Release|Any CPU
		{F252670F-84BB-487C-A392-1C67F1977178}.Release|Any CPU.Build.0 = Release|Any CPU
		{020DE782-57E7-4A4F-B59E-AA009B69AC04}.Debug|Any CPU.ActiveCfg = Debug|Any CPU
		{020DE782-57E7-4A4F-B59E-AA009B69AC04}.Debug|Any CPU.Build.0 = Debug|Any CPU
		{020DE782-57E7-4A4F-B59E-AA009B69AC04}.Release|Any CPU.ActiveCfg = Release|Any CPU
		{020DE782-57E7-4A4F-B59E-AA009B69AC04}.Release|Any CPU.Build.0 = Release|Any CPU
		{2F27F2A8-BCFD-42CE-9A15-99BBBCA1D507}.Debug|Any CPU.ActiveCfg = Debug|Any CPU
		{2F27F2A8-BCFD-42CE-9A15-99BBBCA1D507}.Debug|Any CPU.Build.0 = Debug|Any CPU
		{2F27F2A8-BCFD-42CE-9A15-99BBBCA1D507}.Release|Any CPU.ActiveCfg = Release|Any CPU
		{2F27F2A8-BCFD-42CE-9A15-99BBBCA1D507}.Release|Any CPU.Build.0 = Release|Any CPU
		{EAFAC235-3D62-4DBE-A180-0E2D7B256DB3}.Debug|Any CPU.ActiveCfg = Debug|Any CPU
		{EAFAC235-3D62-4DBE-A180-0E2D7B256DB3}.Debug|Any CPU.Build.0 = Debug|Any CPU
		{EAFAC235-3D62-4DBE-A180-0E2D7B256DB3}.Release|Any CPU.ActiveCfg = Release|Any CPU
		{EAFAC235-3D62-4DBE-A180-0E2D7B256DB3}.Release|Any CPU.Build.0 = Release|Any CPU
		{385927B8-6ACD-454F-A81F-72446C205D4F}.Debug|Any CPU.ActiveCfg = Debug|Any CPU
		{385927B8-6ACD-454F-A81F-72446C205D4F}.Debug|Any CPU.Build.0 = Debug|Any CPU
		{385927B8-6ACD-454F-A81F-72446C205D4F}.Release|Any CPU.ActiveCfg = Release|Any CPU
		{385927B8-6ACD-454F-A81F-72446C205D4F}.Release|Any CPU.Build.0 = Release|Any CPU
		{F6724354-69BE-49EE-A60D-53C304035027}.Debug|Any CPU.ActiveCfg = Debug|Any CPU
		{F6724354-69BE-49EE-A60D-53C304035027}.Debug|Any CPU.Build.0 = Debug|Any CPU
		{F6724354-69BE-49EE-A60D-53C304035027}.Release|Any CPU.ActiveCfg = Release|Any CPU
		{F6724354-69BE-49EE-A60D-53C304035027}.Release|Any CPU.Build.0 = Release|Any CPU
		{54F347F3-A47C-401B-8412-A536144FDEFC}.Debug|Any CPU.ActiveCfg = Debug|Any CPU
		{54F347F3-A47C-401B-8412-A536144FDEFC}.Debug|Any CPU.Build.0 = Debug|Any CPU
		{54F347F3-A47C-401B-8412-A536144FDEFC}.Release|Any CPU.ActiveCfg = Release|Any CPU
		{54F347F3-A47C-401B-8412-A536144FDEFC}.Release|Any CPU.Build.0 = Release|Any CPU
		{D3D95973-EEB7-46B6-887C-33FB9E569088}.Debug|Any CPU.ActiveCfg = Debug|Any CPU
		{D3D95973-EEB7-46B6-887C-33FB9E569088}.Debug|Any CPU.Build.0 = Debug|Any CPU
		{D3D95973-EEB7-46B6-887C-33FB9E569088}.Release|Any CPU.ActiveCfg = Release|Any CPU
		{D3D95973-EEB7-46B6-887C-33FB9E569088}.Release|Any CPU.Build.0 = Release|Any CPU
		{61075C70-E3DA-419F-A6B2-51816F41C56D}.Debug|Any CPU.ActiveCfg = Debug|Any CPU
		{61075C70-E3DA-419F-A6B2-51816F41C56D}.Debug|Any CPU.Build.0 = Debug|Any CPU
		{61075C70-E3DA-419F-A6B2-51816F41C56D}.Release|Any CPU.ActiveCfg = Release|Any CPU
		{61075C70-E3DA-419F-A6B2-51816F41C56D}.Release|Any CPU.Build.0 = Release|Any CPU
		{24729C6A-B290-496E-8569-D777F5451B71}.Debug|Any CPU.ActiveCfg = Debug|Any CPU
		{24729C6A-B290-496E-8569-D777F5451B71}.Debug|Any CPU.Build.0 = Debug|Any CPU
		{24729C6A-B290-496E-8569-D777F5451B71}.Release|Any CPU.ActiveCfg = Release|Any CPU
		{24729C6A-B290-496E-8569-D777F5451B71}.Release|Any CPU.Build.0 = Release|Any CPU
		{C156E37C-9B2F-4065-AC59-52E519A049E9}.Debug|Any CPU.ActiveCfg = Debug|Any CPU
		{C156E37C-9B2F-4065-AC59-52E519A049E9}.Debug|Any CPU.Build.0 = Debug|Any CPU
		{C156E37C-9B2F-4065-AC59-52E519A049E9}.Release|Any CPU.ActiveCfg = Release|Any CPU
		{C156E37C-9B2F-4065-AC59-52E519A049E9}.Release|Any CPU.Build.0 = Release|Any CPU
		{561C7C27-2E10-4EA6-8B72-CB33C8631E70}.Debug|Any CPU.ActiveCfg = Debug|Any CPU
		{561C7C27-2E10-4EA6-8B72-CB33C8631E70}.Debug|Any CPU.Build.0 = Debug|Any CPU
		{561C7C27-2E10-4EA6-8B72-CB33C8631E70}.Release|Any CPU.ActiveCfg = Release|Any CPU
		{561C7C27-2E10-4EA6-8B72-CB33C8631E70}.Release|Any CPU.Build.0 = Release|Any CPU
		{66C4EEFC-EEFB-4FCE-B4E2-56C20062C492}.Debug|Any CPU.ActiveCfg = Debug|Any CPU
		{66C4EEFC-EEFB-4FCE-B4E2-56C20062C492}.Debug|Any CPU.Build.0 = Debug|Any CPU
		{66C4EEFC-EEFB-4FCE-B4E2-56C20062C492}.Release|Any CPU.ActiveCfg = Release|Any CPU
		{66C4EEFC-EEFB-4FCE-B4E2-56C20062C492}.Release|Any CPU.Build.0 = Release|Any CPU
		{F7BD5D2A-0A28-401C-81B1-C668E728FD9E}.Debug|Any CPU.ActiveCfg = Debug|Any CPU
		{F7BD5D2A-0A28-401C-81B1-C668E728FD9E}.Debug|Any CPU.Build.0 = Debug|Any CPU
		{F7BD5D2A-0A28-401C-81B1-C668E728FD9E}.Release|Any CPU.ActiveCfg = Release|Any CPU
		{F7BD5D2A-0A28-401C-81B1-C668E728FD9E}.Release|Any CPU.Build.0 = Release|Any CPU
		{08A9D94D-6F0E-4834-948E-AA6D12F2FB17}.Debug|Any CPU.ActiveCfg = Debug|Any CPU
		{08A9D94D-6F0E-4834-948E-AA6D12F2FB17}.Debug|Any CPU.Build.0 = Debug|Any CPU
		{08A9D94D-6F0E-4834-948E-AA6D12F2FB17}.Release|Any CPU.ActiveCfg = Release|Any CPU
		{08A9D94D-6F0E-4834-948E-AA6D12F2FB17}.Release|Any CPU.Build.0 = Release|Any CPU
		{AA6BFA53-483E-426A-94C2-FDE142CEC391}.Debug|Any CPU.ActiveCfg = Debug|Any CPU
		{AA6BFA53-483E-426A-94C2-FDE142CEC391}.Debug|Any CPU.Build.0 = Debug|Any CPU
		{AA6BFA53-483E-426A-94C2-FDE142CEC391}.Release|Any CPU.ActiveCfg = Release|Any CPU
		{AA6BFA53-483E-426A-94C2-FDE142CEC391}.Release|Any CPU.Build.0 = Release|Any CPU
	EndGlobalSection
	GlobalSection(SolutionProperties) = preSolution
		HideSolutionNode = FALSE
	EndGlobalSection
	GlobalSection(NestedProjects) = preSolution
		{0E319430-E9BA-4BC0-8F38-605CDA958061} = {02EA681E-C7D8-13C7-8484-4AC65E1B71E8}
		{83743F7D-92F7-4EA3-9133-A8CD91CB5297} = {02EA681E-C7D8-13C7-8484-4AC65E1B71E8}
		{F252670F-84BB-487C-A392-1C67F1977178} = {02EA681E-C7D8-13C7-8484-4AC65E1B71E8}
		{020DE782-57E7-4A4F-B59E-AA009B69AC04} = {1EA37CBC-D854-4200-A089-31CEE6233CF1}
		{2F27F2A8-BCFD-42CE-9A15-99BBBCA1D507} = {1EA37CBC-D854-4200-A089-31CEE6233CF1}
		{EAFAC235-3D62-4DBE-A180-0E2D7B256DB3} = {1EA37CBC-D854-4200-A089-31CEE6233CF1}
		{385927B8-6ACD-454F-A81F-72446C205D4F} = {E7755DD7-BE29-415B-A76B-4767173CDA96}
		{F6724354-69BE-49EE-A60D-53C304035027} = {E7755DD7-BE29-415B-A76B-4767173CDA96}
		{54F347F3-A47C-401B-8412-A536144FDEFC} = {E7755DD7-BE29-415B-A76B-4767173CDA96}
		{D3D95973-EEB7-46B6-887C-33FB9E569088} = {D2F592A6-DAE8-4967-B6C7-D5520BF5573A}
		{61075C70-E3DA-419F-A6B2-51816F41C56D} = {D2F592A6-DAE8-4967-B6C7-D5520BF5573A}
		{24729C6A-B290-496E-8569-D777F5451B71} = {D2F592A6-DAE8-4967-B6C7-D5520BF5573A}
		{C156E37C-9B2F-4065-AC59-52E519A049E9} = {AAA4815E-BCBD-48B8-89E2-F7063A6220D1}
		{561C7C27-2E10-4EA6-8B72-CB33C8631E70} = {AAA4815E-BCBD-48B8-89E2-F7063A6220D1}
		{66C4EEFC-EEFB-4FCE-B4E2-56C20062C492} = {AAA4815E-BCBD-48B8-89E2-F7063A6220D1}
		{F7BD5D2A-0A28-401C-81B1-C668E728FD9E} = {538D920F-0C77-4BE3-BC72-0F1DD6EB1978}
		{08A9D94D-6F0E-4834-948E-AA6D12F2FB17} = {538D920F-0C77-4BE3-BC72-0F1DD6EB1978}
		{AA6BFA53-483E-426A-94C2-FDE142CEC391} = {538D920F-0C77-4BE3-BC72-0F1DD6EB1978}
	EndGlobalSection
	GlobalSection(ExtensibilityGlobals) = postSolution
		SolutionGuid = {E777F12E-59D8-4AFC-9D54-15C9D285F275}
	EndGlobalSection
EndGlobal
